# THIS IS AN AUTOGENERATED FILE. DO NOT EDIT THIS FILE DIRECTLY.
assets/custom.js:
  development: 2017-09-05T23:07:49-04:00
assets/ico-select.svg.liquid:
  development: 2017-09-05T23:07:50-04:00
assets/lazysizes.min.js.liquid:
  development: 2017-09-05T23:07:50-04:00
assets/polyfills.js:
  development: 2017-09-05T23:07:50-04:00
assets/theme.min.js.liquid:
  development: 2017-09-05T23:07:50-04:00
assets/theme.scss.liquid:
  development: 2017-09-05T23:07:50-04:00
config/settings_data.json:
  development: 2017-09-05T23:07:49-04:00
config/settings_schema.json:
  development: 2017-09-17T13:30:17-04:00   ec13512c8732cee3db071751a6ced4c5
layout/giftcard.liquid:
  development: 2017-09-05T23:07:50-04:00
layout/password.liquid:
  development: 2017-09-05T23:07:50-04:00
layout/theme.liquid:
  development: 2017-09-05T23:07:50-04:00
locales/de.json:
  development: 2017-09-05T23:07:52-04:00
locales/en.default.json:
  development: 2017-09-05T23:07:52-04:00
locales/es.json:
  development: 2017-09-05T23:07:52-04:00
locales/fr.json:
  development: 2017-09-05T23:07:52-04:00
locales/ja.json:
  development: 2017-09-05T23:07:52-04:00
locales/pt-BR.json:
  development: 2017-09-05T23:07:52-04:00
locales/pt-PT.json:
  development: 2017-09-05T23:07:52-04:00
sections/article-template.liquid:
  development: 2017-09-05T23:07:48-04:00
sections/blog-template.liquid:
  development: 2017-09-05T23:07:48-04:00
sections/cart-template.liquid:
  development: 2017-09-05T23:07:48-04:00
sections/collection-list.liquid:
  development: 2017-09-05T23:07:48-04:00
sections/collection-template.liquid:
  development: 2017-09-05T23:07:48-04:00
sections/custom-content.liquid:
  development: 2017-09-05T23:07:48-04:00
sections/feature-row.liquid:
  development: 2017-09-05T23:07:48-04:00
sections/featured-blog.liquid:
  development: 2017-09-05T23:07:48-04:00
sections/featured-collection.liquid:
  development: 2017-09-05T23:07:48-04:00
sections/featured-product.liquid:
  development: 2017-09-05T23:07:48-04:00
sections/featured-slider.liquid:
  development: 2017-09-05T23:07:48-04:00
sections/footer.liquid:
  development: 2017-09-05T23:07:48-04:00
sections/gallery.liquid:
  development: 2017-09-05T23:07:48-04:00
sections/header.liquid:
  development: 2017-09-05T23:07:48-04:00
sections/hero.liquid:
  development: 2017-09-05T23:07:48-04:00
sections/highlight.liquid:
  development: 2017-09-05T23:07:48-04:00
sections/list-collections-template.liquid:
  development: 2017-09-05T23:07:48-04:00
sections/map.liquid:
  development: 2017-09-05T23:07:48-04:00
sections/newsletter.liquid:
  development: 2017-09-05T23:07:49-04:00
sections/password-content.liquid:
  development: 2017-09-05T23:07:49-04:00
sections/password-footer.liquid:
  development: 2017-09-05T23:07:49-04:00
sections/password-header.liquid:
  development: 2017-09-05T23:07:49-04:00
sections/product-template.liquid:
  development: 2017-09-05T23:07:49-04:00
sections/quotes.liquid:
  development: 2017-09-05T23:07:49-04:00
sections/search-template.liquid:
  development: 2017-09-05T23:07:49-04:00
sections/slideshow.liquid:
  development: 2017-09-05T23:07:49-04:00
sections/video.liquid:
  development: 2017-09-05T23:07:49-04:00
snippets/article-card.liquid:
  development: 2017-09-05T23:07:50-04:00
snippets/bgset.liquid:
  development: 2017-09-05T23:07:50-04:00
snippets/card-image.liquid:
  development: 2017-09-05T23:07:50-04:00
snippets/cart-drawer.liquid:
  development: 2017-09-05T23:07:50-04:00
snippets/collection-card.liquid:
  development: 2017-09-05T23:07:50-04:00
snippets/comment.liquid:
  development: 2017-09-05T23:07:50-04:00
snippets/critical-css.liquid:
  development: 2017-09-05T23:07:50-04:00
snippets/featured-article-card.liquid:
  development: 2017-09-05T23:07:50-04:00
snippets/google-fonts.liquid:
  development: 2017-09-05T23:07:50-04:00
snippets/icon-amazon_payments.liquid:
  development: 2017-09-05T23:07:50-04:00
snippets/icon-american_express.liquid:
  development: 2017-09-05T23:07:50-04:00
snippets/icon-apple_pay.liquid:
  development: 2017-09-05T23:07:50-04:00
snippets/icon-arrow-down.liquid:
  development: 2017-09-05T23:07:50-04:00
snippets/icon-arrow-left.liquid:
  development: 2017-09-05T23:07:50-04:00
snippets/icon-arrow-right-slideshow.liquid:
  development: 2017-09-05T23:07:50-04:00
snippets/icon-arrow-right.liquid:
  development: 2017-09-05T23:07:50-04:00
snippets/icon-bitcoin.liquid:
  development: 2017-09-05T23:07:50-04:00
snippets/icon-box.liquid:
  development: 2017-09-05T23:07:50-04:00
snippets/icon-burger.liquid:
  development: 2017-09-05T23:07:50-04:00
snippets/icon-card.liquid:
  development: 2017-09-05T23:07:50-04:00
snippets/icon-cart.liquid:
  development: 2017-09-05T23:07:50-04:00
snippets/icon-check.liquid:
  development: 2017-09-05T23:07:50-04:00
snippets/icon-checkmark.liquid:
  development: 2017-09-05T23:07:50-04:00
snippets/icon-cirrus.liquid:
  development: 2017-09-05T23:07:50-04:00
snippets/icon-clock.liquid:
  development: 2017-09-05T23:07:50-04:00
snippets/icon-close.liquid:
  development: 2017-09-05T23:07:51-04:00
snippets/icon-dankort.liquid:
  development: 2017-09-05T23:07:51-04:00
snippets/icon-details.liquid:
  development: 2017-09-05T23:07:51-04:00
snippets/icon-diners_club.liquid:
  development: 2017-09-05T23:07:51-04:00
snippets/icon-discover.liquid:
  development: 2017-09-05T23:07:51-04:00
snippets/icon-dogecoin.liquid:
  development: 2017-09-05T23:07:51-04:00
snippets/icon-dwolla.liquid:
  development: 2017-09-05T23:07:51-04:00
snippets/icon-envelope.liquid:
  development: 2017-09-05T23:07:51-04:00
snippets/icon-facebook.liquid:
  development: 2017-09-05T23:07:51-04:00
snippets/icon-forbrugsforeningen.liquid:
  development: 2017-09-05T23:07:51-04:00
snippets/icon-globe.liquid:
  development: 2017-09-05T23:07:51-04:00
snippets/icon-google.liquid:
  development: 2017-09-05T23:07:51-04:00
snippets/icon-hamburger.liquid:
  development: 2017-09-05T23:07:51-04:00
snippets/icon-header-bag.liquid:
  development: 2017-09-05T23:07:51-04:00
snippets/icon-header-cart.liquid:
  development: 2017-09-05T23:07:51-04:00
snippets/icon-instagram.liquid:
  development: 2017-09-05T23:07:51-04:00
snippets/icon-interac.liquid:
  development: 2017-09-05T23:07:51-04:00
snippets/icon-jcb.liquid:
  development: 2017-09-05T23:07:51-04:00
snippets/icon-laser.liquid:
  development: 2017-09-05T23:07:51-04:00
snippets/icon-leaf.liquid:
  development: 2017-09-05T23:07:51-04:00
snippets/icon-linearrow-left.liquid:
  development: 2017-09-05T23:07:51-04:00
snippets/icon-litecoin.liquid:
  development: 2017-09-05T23:07:51-04:00
snippets/icon-lock.liquid:
  development: 2017-09-05T23:07:51-04:00
snippets/icon-maestro.liquid:
  development: 2017-09-05T23:07:51-04:00
snippets/icon-master.liquid:
  development: 2017-09-05T23:07:51-04:00
snippets/icon-minus-small.liquid:
  development: 2017-09-05T23:07:51-04:00
snippets/icon-minus.liquid:
  development: 2017-09-05T23:07:51-04:00
snippets/icon-padlock.liquid:
  development: 2017-09-05T23:07:51-04:00
snippets/icon-paypal.liquid:
  development: 2017-09-05T23:07:51-04:00
snippets/icon-pinterest.liquid:
  development: 2017-09-05T23:07:51-04:00
snippets/icon-playdesktop.liquid:
  development: 2017-09-05T23:07:51-04:00
snippets/icon-playmobile.liquid:
  development: 2017-09-05T23:07:51-04:00
snippets/icon-plus-small.liquid:
  development: 2017-09-05T23:07:51-04:00
snippets/icon-plus.liquid:
  development: 2017-09-05T23:07:51-04:00
snippets/icon-pricetag.liquid:
  development: 2017-09-05T23:07:51-04:00
snippets/icon-rss.liquid:
  development: 2017-09-05T23:07:51-04:00
snippets/icon-search.liquid:
  development: 2017-09-05T23:07:51-04:00
snippets/icon-share.liquid:
  development: 2017-09-05T23:07:51-04:00
snippets/icon-shopify-logo.liquid:
  development: 2017-09-05T23:07:51-04:00
snippets/icon-silhouette.liquid:
  development: 2017-09-05T23:07:51-04:00
snippets/icon-snapchat.liquid:
  development: 2017-09-05T23:07:51-04:00
snippets/icon-solo.liquid:
  development: 2017-09-05T23:07:51-04:00
snippets/icon-stripe.liquid:
  development: 2017-09-05T23:07:51-04:00
snippets/icon-switch.liquid:
  development: 2017-09-05T23:07:51-04:00
snippets/icon-touchclose.liquid:
  development: 2017-09-05T23:07:51-04:00
snippets/icon-touchshare.liquid:
  development: 2017-09-05T23:07:51-04:00
snippets/icon-trophy.liquid:
  development: 2017-09-05T23:07:51-04:00
snippets/icon-truck.liquid:
  development: 2017-09-05T23:07:51-04:00
snippets/icon-tumblr.liquid:
  development: 2017-09-05T23:07:51-04:00
snippets/icon-twitter.liquid:
  development: 2017-09-05T23:07:51-04:00
snippets/icon-vimeo.liquid:
  development: 2017-09-05T23:07:51-04:00
snippets/icon-visa.liquid:
  development: 2017-09-05T23:07:51-04:00
snippets/icon-youtube.liquid:
  development: 2017-09-05T23:07:51-04:00
snippets/load-css.liquid:
  development: 2017-09-05T23:07:51-04:00
snippets/no-blocks.liquid:
  development: 2017-09-05T23:07:51-04:00
snippets/page-card.liquid:
  development: 2017-09-05T23:07:51-04:00
snippets/pagination.liquid:
  development: 2017-09-05T23:07:51-04:00
snippets/placeholder-collection.liquid:
  development: 2017-09-05T23:07:51-04:00
snippets/placeholder-image.liquid:
  development: 2017-09-05T23:07:51-04:00
snippets/placeholder-lifestyle.liquid:
  development: 2017-09-05T23:07:51-04:00
snippets/placeholder-logo.liquid:
  development: 2017-09-05T23:07:51-04:00
snippets/placeholder-product.liquid:
  development: 2017-09-05T23:07:51-04:00
snippets/product-card.liquid:
  development: 2017-09-05T23:07:51-04:00
snippets/product-form.liquid:
  development: 2017-09-05T23:07:51-04:00
snippets/search-bar.liquid:
  development: 2017-09-05T23:07:51-04:00
snippets/social-links.liquid:
  development: 2017-09-05T23:07:51-04:00
snippets/social-meta-tags.liquid:
  development: 2017-09-05T23:07:51-04:00
snippets/social-sharing.liquid:
  development: 2017-09-05T23:07:51-04:00
snippets/spinner.liquid:
  development: 2017-09-05T23:07:51-04:00
templates/404.liquid:
  development: 2017-09-05T23:07:51-04:00
templates/article.liquid:
  development: 2017-09-05T23:07:51-04:00
templates/blog.liquid:
  development: 2017-09-05T23:07:51-04:00
templates/cart.liquid:
  development: 2017-09-05T23:07:51-04:00
templates/collection.liquid:
  development: 2017-09-05T23:07:51-04:00
templates/customers/account.liquid:
  development: 2017-09-05T23:07:52-04:00
templates/customers/activate_account.liquid:
  development: 2017-09-05T23:07:52-04:00
templates/customers/addresses.liquid:
  development: 2017-09-05T23:07:52-04:00
templates/customers/login.liquid:
  development: 2017-09-05T23:07:52-04:00
templates/customers/order.liquid:
  development: 2017-09-05T23:07:52-04:00
templates/customers/register.liquid:
  development: 2017-09-05T23:07:52-04:00
templates/customers/reset_password.liquid:
  development: 2017-09-05T23:07:52-04:00
templates/gift_card.liquid:
  development: 2017-09-05T23:07:51-04:00
templates/index.liquid:
  development: 2017-09-05T23:07:51-04:00
templates/list-collections.liquid:
  development: 2017-09-05T23:07:51-04:00
templates/page.contact.liquid:
  development: 2017-09-05T23:07:51-04:00
templates/page.liquid:
  development: 2017-09-05T23:07:51-04:00
templates/password.liquid:
  development: 2017-09-05T23:07:52-04:00
templates/product.liquid:
  development: 2017-09-05T23:07:52-04:00
templates/search.liquid:
  development: 2017-09-05T23:07:52-04:00
